# THIS IS AN AUTOGENERATED FILE. DO NOT EDIT THIS FILE DIRECTLY.
# yarn lockfile v1


"@aws-sdk/checksums@^3.1001.1":
  version "3.1001.1"
  resolved "https://registry.yarnpkg.com/@aws-sdk/checksums/-/checksums-3.1001.1.tgz#b6c42737c673e3904ead8c83ad5d79c377d746f4"
  integrity sha512-x12Q17KYlJAd3nKf8LV5LV0vt8sh8/6YfQLGPtrGnQf/tW4jqxPGq5GPpuVitpQYM3eUR4XB7CbxZf751NMbLw==
  dependencies:
    "@aws-sdk/core" "^3.978.1"
    "@aws-sdk/types" "^3.974.6"
    "@smithy/core" "^3.35.0"
    "@smithy/types" "^4.19.0"
    tslib "^2.6.2"

"@aws-sdk/client-dynamodb@^3.1142.0":
  version "3.1142.0"
  resolved "https://registry.yarnpkg.com/@aws-sdk/client-dynamodb/-/client-dynamodb-3.1142.0.tgz#f1aa05f95536e5511706b959777b6daa7c756d09"
  integrity sha512-/p+qS8o18FMVlGQmA85zeUtG+vw1vN1TjfOoQzvD1VvZXWgicp2D771mlvuMdQ/QBVPcjwHbYD3e2TBefw6FSw==
  dependencies:
    "@aws-sdk/core" "^3.978.1"
    "@aws-sdk/credential-provider-node" "^3.972.84"
    "@aws-sdk/dynamodb-codec" "^3.973.46"
    "@aws-sdk/middleware-endpoint-discovery" "^3.972.31"
    "@aws-sdk/types" "^3.974.6"
    "@smithy/core" "^3.35.0"
    "@smithy/fetch-http-handler" "^5.8.0"
    "@smithy/node-http-handler" "^4.12.1"
    "@smithy/types" "^4.19.0"
    tslib "^2.6.2"

"@aws-sdk/client-identitystore@^3.1142.0":
  version "3.1142.0"
  resolved "https://registry.yarnpkg.com/@aws-sdk/client-identitystore/-/client-identitystore-3.1142.0.tgz#bf6da94b371f9037c338964c5fdafdd4ec4b6172"
  integrity sha512-xxTMhCkU4cHXLCbgSppqnLvtBdihdAqgvIklw+sEc3mCQMK7xjLNSO06k3xgT1NEbYS8+r3tDnFESvNq+mo3YA==
  dependencies:
    "@aws-sdk/core" "^3.978.1"
    "@aws-sdk/credential-provider-node" "^3.972.84"
    "@aws-sdk/types" "^3.974.6"
    "@smithy/core" "^3.35.0"
    "@smithy/fetch-http-handler" "^5.8.0"
    "@smithy/node-http-handler" "^4.12.1"
    "@smithy/types" "^4.19.0"
    tslib "^2.6.2"

"@aws-sdk/client-organizations@^3.1142.0":
  version "3.1142.0"
  resolved "https://registry.yarnpkg.com/@aws-sdk/client-organizations/-/client-organizations-3.1142.0.tgz#86cd38b90b7bc0e827b47f94a8a119016a6887b7"
  integrity sha512-aB7oqiz3IreQx0Wv5lnTbizfSk8WI99jJcH4wrvVcApJ5YAfdQ5voMDoXvVssq1+fx7MciY5tdm3ZKyikkmo8A==
  dependencies:
    "@aws-sdk/core" "^3.978.1"
    "@aws-sdk/credential-provider-node" "^3.972.84"
    "@aws-sdk/types" "^3.974.6"
    "@smithy/core" "^3.35.0"
    "@smithy/fetch-http-handler" "^5.8.0"
    "@smithy/node-http-handler" "^4.12.1"
    "@smithy/types" "^4.19.0"
    tslib "^2.6.2"

"@aws-sdk/client-s3@^3.1142.0":
  version "3.1142.0"
  resolved "https://registry.yarnpkg.com/@aws-sdk/client-s3/-/client-s3-3.1142.0.tgz#500d55a7e5cad1092587288fbfb05e892f0a27b6"
  integrity sha512-OC9AcGMFOsBc95YSPWH3O7DE6RUTy7jqeOpVvzO2Dv3rw3w4vQRK+YdLXIbO2yXfmx3N59Y55yAJdDRJFMQK3Q==
  dependencies:
    "@aws-sdk/checksums" "^3.1001.1"
    "@aws-sdk/core" "^3.978.1"
    "@aws-sdk/credential-provider-node" "^3.972.84"
    "@aws-sdk/middleware-sdk-s3" "^3.972.77"
    "@aws-sdk/signature-v4-multi-region" "^3.996.47"
    "@aws-sdk/types" "^3.974.6"
    "@smithy/core" "^3.35.0"
    "@smithy/fetch-http-handler" "^5.8.0"
    "@smithy/node-http-handler" "^4.12.1"
    "@smithy/types" "^4.19.0"
    tslib "^2.6.2"

"@aws-sdk/client-sfn@^3.1142.0":
  version "3.1142.0"
  resolved "https://registry.yarnpkg.com/@aws-sdk/client-sfn/-/client-sfn-3.1142.0.tgz#23d30f5b5d8780b4f213a70a6ef0c49fc972b50a"
  integrity sha512-1wwqkoZH39crlOYlzyUkxCPVo/Gs7Gsua/jAvTBr3FJt7vuxu0tBNGeculnR0qPr4I0jIoT/6BPPf+ZKQItvRg==
  dependencies:
    "@aws-sdk/core" "^3.978.1"
    "@aws-sdk/credential-provider-node" "^3.972.84"
    "@aws-sdk/types" "^3.974.6"
    "@smithy/core" "^3.35.0"
    "@smithy/fetch-http-handler" "^5.8.0"
    "@smithy/node-http-handler" "^4.12.1"
    "@smithy/types" "^4.19.0"
    tslib "^2.6.2"

"@aws-sdk/client-sns@^3.1142.0":
  version "3.1142.0"
  resolved "https://registry.yarnpkg.com/@aws-sdk/client-sns/-/client-sns-3.1142.0.tgz#8844c33d6dd0459a69b01499172a0fee458ad956"
  integrity sha512-/PeDZ0vv5+l1PErznVtCBgA1TZtAiFNHY2kP7EKeLYfPjTLINUKBvDqm2Kvl6RgE/ulYFfttbC7D+rZP7aZcDA==
  dependencies:
    "@aws-sdk/core" "^3.978.1"
    "@aws-sdk/credential-provider-node" "^3.972.84"
    "@aws-sdk/types" "^3.974.6"
    "@smithy/core" "^3.35.0"
    "@smithy/fetch-http-handler" "^5.8.0"
    "@smithy/node-http-handler" "^4.12.1"
    "@smithy/types" "^4.19.0"
    tslib "^2.6.2"

"@aws-sdk/client-sqs@^3.1142.0":
  version "3.1142.0"
  resolved "https://registry.yarnpkg.com/@aws-sdk/client-sqs/-/client-sqs-3.1142.0.tgz#b64e8d2f7bf46277fb6a3855a05ca4b5932fc68e"
  integrity sha512-NPuhwE5gd9I7DhK0TXxsakWwBBgzYxcB3XJ7ZopXunT2FaI5njCg/viydDsWwlZxhdsCCYZJbFpHHZqMDWksZQ==
  dependencies:
    "@aws-sdk/core" "^3.978.1"
    "@aws-sdk/credential-provider-node" "^3.972.84"
    "@aws-sdk/middleware-sdk-sqs" "^3.972.43"
    "@aws-sdk/types" "^3.974.6"
    "@smithy/core" "^3.35.0"
    "@smithy/fetch-http-handler" "^5.8.0"
    "@smithy/node-http-handler" "^4.12.1"
    "@smithy/types" "^4.19.0"
    tslib "^2.6.2"

"@aws-sdk/client-ssm@^3.1142.0":
  version "3.1142.0"
  resolved "https://registry.yarnpkg.com/@aws-sdk/client-ssm/-/client-ssm-3.1142.0.tgz#3ba1713b2e59f498db4315ec708f6654363dc1c5"
  integrity sha512-Z1OHRppaMMVVqLsg2+fzCTw7WtEWcusvUh1RKnHfFWjazMC8VBqbJmewtGFXO14w5oq7ruaygWcFHRltCkZhLQ==
  dependencies:
    "@aws-sdk/core" "^3.978.1"
    "@aws-sdk/credential-provider-node" "^3.972.84"
    "@aws-sdk/types" "^3.974.6"
    "@smithy/core" "^3.35.0"
    "@smithy/fetch-http-handler" "^5.8.0"
    "@smithy/node-http-handler" "^4.12.1"
    "@smithy/types" "^4.19.0"
    tslib "^2.6.2"

"@aws-sdk/client-sso-admin@^3.1142.0":
  version "3.1142.0"
  resolved "https://registry.yarnpkg.com/@aws-sdk/client-sso-admin/-/client-sso-admin-3.1142.0.tgz#8ffcee49bf151201c65f8f93e8c8f7a6335842dc"
  integrity sha512-OWvMcp2QSwfj1lBhMZ6hXhMvtGfXN5dpapuBcyfGuq8ir2gBEv/Za6639OFEoeJLpcv/l263iDvcsL6rftGyUQ==
  dependencies:
    "@aws-sdk/core" "^3.978.1"
    "@aws-sdk/credential-provider-node" "^3.972.84"
    "@aws-sdk/types" "^3.974.6"
    "@smithy/core" "^3.35.0"
    "@smithy/fetch-http-handler" "^5.8.0"
    "@smithy/node-http-handler" "^4.12.1"
    "@smithy/types" "^4.19.0"
    tslib "^2.6.2"

"@aws-sdk/core@^3.978.1":
  version "3.978.1"
  resolved "https://registry.yarnpkg.com/@aws-sdk/core/-/core-3.978.1.tgz#1e4db18f9c450e0aba550edfee4c6897e09af879"
  integrity sha512-LbY9aGsEiznDWmUc30Nwv3aIX/+dbwTx8KfS0yOC3NPYMO+O91e6jkT1azf34FwjOndq8/Q+RcVVZz5xnerwdg==
  dependencies:
    "@aws-sdk/types" "^3.974.6"
    "@aws-sdk/xml-builder" "^3.972.41"
    "@aws/lambda-invoke-store" "^0.3.0"
    "@smithy/core" "^3.35.0"
    "@smithy/signature-v4" "^5.7.3"
    "@smithy/types" "^4.19.0"
    bowser "^2.11.0"
    tslib "^2.6.2"

"@aws-sdk/credential-provider-cognito-identity@^3.972.71":
  version "3.972.71"
  resolved "https://registry.yarnpkg.com/@aws-sdk/credential-provider-cognito-identity/-/credential-provider-cognito-identity-3.972.71.tgz#fbd96f383939d46846da4542092b197f54ca646c"
  integrity sha512-rsxsi8tF3vMGdWdaHQNXceHBdb49442yR2Pe08K+Phoc/yICbptdsHwL25Wf0z5+hjhSS5a+hDJHP7Xul4zvHQ==
  dependencies:
    "@aws-sdk/nested-clients" "^3.997.46"
    "@aws-sdk/types" "^3.974.6"
    "@smithy/core" "^3.35.0"
    "@smithy/types" "^4.19.0"
    tslib "^2.6.2"

"@aws-sdk/credential-provider-env@^3.972.72":
  version "3.972.72"
  resolved "https://registry.yarnpkg.com/@aws-sdk/credential-provider-env/-/credential-provider-env-3.972.72.tgz#5bf3c87784901426716dad12f2036b87ce2d9793"
  integrity sha512-xTKO/FWJPozTIXbozVnVGoNBhaGba8TBcx+KyUjRVeOlXE+dUc7GTR1cLvu0uTdIdmemzaFbqqCshXeZA1fZew==
  dependencies:
    "@aws-sdk/core" "^3.978.1"
    "@aws-sdk/types" "^3.974.6"
    "@smithy/core" "^3.35.0"
    "@smithy/types" "^4.19.0"
    tslib "^2.6.2"

"@aws-sdk/credential-provider-http@^3.972.74":
  version "3.972.74"
  resolved "https://registry.yarnpkg.com/@aws-sdk/credential-provider-http/-/credential-provider-http-3.972.74.tgz#15b366f17177ac07a7b463662e02f2ead1fcfa67"
  integrity sha512-u91E/hT8f4d1xy0Jl7VG4nVKJ3lxbrZkoBTeSVoJdWBiSEUMwMS/9+e0H/aJVQV//Lt5wuzP+E69v4aRSsNTmw==
  dependencies:
    "@aws-sdk/core" "^3.978.1"
    "@aws-sdk/types" "^3.974.6"
    "@smithy/core" "^3.35.0"
    "@smithy/fetch-http-handler" "^5.8.0"
    "@smithy/node-http-handler" "^4.12.1"
    "@smithy/types" "^4.19.0"
    tslib "^2.6.2"

"@aws-sdk/credential-provider-ini@^3.973.17":
  version "3.973.17"
  resolved "https://registry.yarnpkg.com/@aws-sdk/credential-provider-ini/-/credential-provider-ini-3.973.17.tgz#4f4b329cb3252322dc2261fe2985c45eeefbcd22"
  integrity sha512-ged4KXdBkvIC81bLvNHHuQKdKak/VXhQTR1NWYTTqW0474nlmsxy9O/vlgTIohDDWH3xpBdtVMZRyjb+DnocDA==
  dependencies:
    "@aws-sdk/core" "^3.978.1"
    "@aws-sdk/credential-provider-env" "^3.972.72"
    "@aws-sdk/credential-provider-http" "^3.972.74"
    "@aws-sdk/credential-provider-login" "^3.972.79"
    "@aws-sdk/credential-provider-process" "^3.972.72"
    "@aws-sdk/credential-provider-sso" "^3.973.16"
    "@aws-sdk/credential-provider-web-identity" "^3.972.78"
    "@aws-sdk/nested-clients" "^3.997.46"
    "@aws-sdk/types" "^3.974.6"
    "@smithy/core" "^3.35.0"
    "@smithy/credential-provider-imds" "^4.5.2"
    "@smithy/types" "^4.19.0"
    tslib "^2.6.2"

"@aws-sdk/credential-provider-login@^3.972.79":
  version "3.972.79"
  resolved "https://registry.yarnpkg.com/@aws-sdk/credential-provider-login/-/credential-provider-login-3.972.79.tgz#7b7b75f051e0cb79958a0d2e894f26660e65ad0f"
  integrity sha512-L+Z85anONJd8MaiuraO4wRxATCdEejBZ3K3eymzWI5JPXa9sOS9CkIm72PBKqXKX+Z9p9NGMX5AIMXm0LEflgw==
  dependencies:
    "@aws-sdk/core" "^3.978.1"
    "@aws-sdk/nested-clients" "^3.997.46"
    "@aws-sdk/types" "^3.974.6"
    "@smithy/core" "^3.35.0"
    "@smithy/types" "^4.19.0"
    tslib "^2.6.2"

"@aws-sdk/credential-provider-node@^3.972.84":
  version "3.972.84"
  resolved "https://registry.yarnpkg.com/@aws-sdk/credential-provider-node/-/credential-provider-node-3.972.84.tgz#226bc8d9110d0562dc895e609ec54b4bc8f68155"
  integrity sha512-oHt854odINVwzwsh+c5x69j0ajm4DbqqqVJ+O1ECsCIZeMDAbzFpXItaqP7UZstJj/ATdTk/KFSH0LaNAgV+kA==
  dependencies:
    "@aws-sdk/credential-provider-env" "^3.972.72"
    "@aws-sdk/credential-provider-http" "^3.972.74"
    "@aws-sdk/credential-provider-ini" "^3.973.17"
    "@aws-sdk/credential-provider-process" "^3.972.72"
    "@aws-sdk/credential-provider-sso" "^3.973.16"
    "@aws-sdk/credential-provider-web-identity" "^3.972.78"
    "@aws-sdk/types" "^3.974.6"
    "@smithy/core" "^3.35.0"
    "@smithy/credential-provider-imds" "^4.5.2"
    "@smithy/types" "^4.19.0"
    tslib "^2.6.2"

"@aws-sdk/credential-provider-process@^3.972.72":
  version "3.972.72"
  resolved "https://registry.yarnpkg.com/@aws-sdk/credential-provider-process/-/credential-provider-process-3.972.72.tgz#c4efac7cf0582351c98ab16675d8d6944b6df000"
  integrity sha512-rLIp2xbMjX/k9/od7APpqq1ZgXXnV0pOL1Th3ZsL8Wu0TRtBsDTVS8iPqcfRFcHakFxPvR04OSTv2ka2qOb/2A==
  dependencies:
    "@aws-sdk/core" "^3.978.1"
    "@aws-sdk/types" "^3.974.6"
    "@smithy/core" "^3.35.0"
    "@smithy/types" "^4.19.0"
    tslib "^2.6.2"

"@aws-sdk/credential-provider-sso@^3.973.16":
  version "3.973.16"
  resolved "https://registry.yarnpkg.com/@aws-sdk/credential-provider-sso/-/credential-provider-sso-3.973.16.tgz#bdaf55e64c96df4308fd1fdabbdc13136b58c144"
  integrity sha512-IGihaJfFZYacJJr/odqILCoK7W/mvrZ7cuK7ECn3sAu4vLC6u0V8bS7mCGbdugJ8Aum2tnvqmx0F2MRFp2rn9g==
  dependencies:
    "@aws-sdk/core" "^3.978.1"
    "@aws-sdk/nested-clients" "^3.997.46"
    "@aws-sdk/token-providers" "3.1138.0"
    "@aws-sdk/types" "^3.974.6"
    "@smithy/core" "^3.35.0"
    "@smithy/types" "^4.19.0"
    tslib "^2.6.2"

"@aws-sdk/credential-provider-web-identity@^3.972.78":
  version "3.972.78"
  resolved "https://registry.yarnpkg.com/@aws-sdk/credential-provider-web-identity/-/credential-provider-web-identity-3.972.78.tgz#2ff347600d79a2b838296da3278998c7a1cdcbac"
  integrity sha512-/y9WvNtlcPBGLR0qc1a+9J/xtYZfVczvLUOuXaVWylzttH7ewsxwHtjmiJSolNrVSDorIxHGHMU61CbonRkmwA==
  dependencies:
    "@aws-sdk/core" "^3.978.1"
    "@aws-sdk/nested-clients" "^3.997.46"
    "@aws-sdk/types" "^3.974.6"
    "@smithy/core" "^3.35.0"
    "@smithy/types" "^4.19.0"
    tslib "^2.6.2"

"@aws-sdk/credential-providers@^3.1142.0":
  version "3.1142.0"
  resolved "https://registry.yarnpkg.com/@aws-sdk/credential-providers/-/credential-providers-3.1142.0.tgz#a4e9f577d15b5c295d1a92eb6ea5bd38f59aa413"
  integrity sha512-3FA/yoY+lcMhnky6LQNY5FTWsFOz/KeJYbHhnC/Ls14SN1W/7nf2YxcnZJ3Lx65+qHxnaE7J4z8UH59Gpsc3sg==
  dependencies:
    "@aws-sdk/core" "^3.978.1"
    "@aws-sdk/credential-provider-cognito-identity" "^3.972.71"
    "@aws-sdk/credential-provider-env" "^3.972.72"
    "@aws-sdk/credential-provider-http" "^3.972.74"
    "@aws-sdk/credential-provider-ini" "^3.973.17"
    "@aws-sdk/credential-provider-login" "^3.972.79"
    "@aws-sdk/credential-provider-node" "^3.972.84"
    "@aws-sdk/credential-provider-process" "^3.972.72"
    "@aws-sdk/credential-provider-sso" "^3.973.16"
    "@aws-sdk/credential-provider-web-identity" "^3.972.78"
    "@aws-sdk/nested-clients" "^3.997.46"
    "@aws-sdk/types" "^3.974.6"
    "@smithy/core" "^3.35.0"
    "@smithy/credential-provider-imds" "^4.5.2"
    "@smithy/types" "^4.19.0"
    tslib "^2.6.2"

"@aws-sdk/dynamodb-codec@^3.973.46":
  version "3.973.46"
  resolved "https://registry.yarnpkg.com/@aws-sdk/dynamodb-codec/-/dynamodb-codec-3.973.46.tgz#1656df00e1925031c8c53b57aa60b2d9762f2d9f"
  integrity sha512-ApnSubn+5C6HQGP7025q9w/YiNzKwimIMksP76xVij779BCCqcmJ9poB6hQ4syY9NUxqmEQLBqY0PktX53L8iQ==
  dependencies:
    "@aws-sdk/core" "^3.978.1"
    "@smithy/core" "^3.35.0"
    "@smithy/types" "^4.19.0"
    tslib "^2.6.2"

"@aws-sdk/endpoint-cache@^3.972.11":
  version "3.972.11"
  resolved "https://registry.yarnpkg.com/@aws-sdk/endpoint-cache/-/endpoint-cache-3.972.11.tgz#0d4a52d6307e240d0f404c649f9a58b773511d03"
  integrity sha512-8q1ICxcDjHId3bBryuu/j+1L9y5/3uQnwzLDt5j2ElcjZSoWmFtymdJy7OjLrluSMe0Z4mq5bcH4fxBXvlEHfw==
  dependencies:
    mnemonist "0.38.3"
    tslib "^2.6.2"

"@aws-sdk/lib-dynamodb@^3.1142.0":
  version "3.1142.0"
  resolved "https://registry.yarnpkg.com/@aws-sdk/lib-dynamodb/-/lib-dynamodb-3.1142.0.tgz#cd28f0a0d6eaeb369f412400a57b97a01101291b"
  integrity sha512-Kb9FNPHXibkI58mWtBxXCM29dBY9Wbe83sWq8poVzZ/7xuiuRVQ4N3x0KEX7WVHC0FG5t3iW/ysRZxAV4RK76A==
  dependencies:
    "@aws-sdk/core" "^3.978.1"
    "@aws-sdk/util-dynamodb" "^3.996.9"
    "@smithy/core" "^3.35.0"
    "@smithy/types" "^4.19.0"
    tslib "^2.6.2"

"@aws-sdk/middleware-endpoint-discovery@^3.972.31":
  version "3.972.31"
  resolved "https://registry.yarnpkg.com/@aws-sdk/middleware-endpoint-discovery/-/middleware-endpoint-discovery-3.972.31.tgz#ec138a92dc98259c314f13bb61b2c0a9d386ebbf"
  integrity sha512-JqOIXupzP6cpAmCCmuEaacbXo/bVCcg1NkglCJC6q4wDAvJO09qIs7POf50JNzmhOhWPtfXvzgWxb5nMQl8QiA==
  dependencies:
    "@aws-sdk/endpoint-cache" "^3.972.11"
    "@aws-sdk/types" "^3.974.6"
    "@smithy/core" "^3.35.0"
    "@smithy/types" "^4.19.0"
    tslib "^2.6.2"

"@aws-sdk/middleware-sdk-s3@^3.972.77":
  version "3.972.77"
  resolved "https://registry.yarnpkg.com/@aws-sdk/middleware-sdk-s3/-/middleware-sdk-s3-3.972.77.tgz#f1006f029292db2658dbec0d175b66f6c2427523"
  integrity sha512-E7W2UOeUoc+lg3uIfR/dM7ZwusHwhBQrKMnlkRv4EXRR+C0YtV1pg25xC7GdZIhXH+NAMgZPCbE7o5to2cjFiw==
  dependencies:
    "@aws-sdk/core" "^3.978.1"
    "@aws-sdk/signature-v4-multi-region" "^3.996.47"
    "@aws-sdk/types" "^3.974.6"
    "@smithy/core" "^3.35.0"
    "@smithy/types" "^4.19.0"
    tslib "^2.6.2"

"@aws-sdk/middleware-sdk-sqs@^3.972.43":
  version "3.972.43"
  resolved "https://registry.yarnpkg.com/@aws-sdk/middleware-sdk-sqs/-/middleware-sdk-sqs-3.972.43.tgz#b812d60534c34e53d32a9b1ff38329e4921ebc96"
  integrity sha512-0V1bKYPfAnhA6fW9r04uZfXB7DkwT149wKL14BKCC7zUryxIBecgDyvxKIUsZApmvSXpEzPL66uzO/Yc55s74g==
  dependencies:
    "@aws-sdk/types" "^3.974.6"
    "@smithy/core" "^3.35.0"
    "@smithy/types" "^4.19.0"
    tslib "^2.6.2"

"@aws-sdk/nested-clients@^3.997.46":
  version "3.997.46"
  resolved "https://registry.yarnpkg.com/@aws-sdk/nested-clients/-/nested-clients-3.997.46.tgz#71fce1a139f9f81c81603d704c9300f45be74477"
  integrity sha512-oRxtBcka/JGHGs9l9p9IVajGoTP8vTPmoAzdHGy4Qcy9P5vPnDf6nhIeM/COQNY9k/OahImTRaLkHftoXvfcmQ==
  dependencies:
    "@aws-sdk/core" "^3.978.1"
    "@aws-sdk/signature-v4-multi-region" "^3.996.47"
    "@aws-sdk/types" "^3.974.6"
    "@smithy/core" "^3.35.0"
    "@smithy/fetch-http-handler" "^5.8.0"
    "@smithy/node-http-handler" "^4.12.1"
    "@smithy/types" "^4.19.0"
    tslib "^2.6.2"

"@aws-sdk/signature-v4-multi-region@^3.996.47":
  version "3.996.47"
  resolved "https://registry.yarnpkg.com/@aws-sdk/signature-v4-multi-region/-/signature-v4-multi-region-3.996.47.tgz#4a707c1d5b43ea242897c393b03f8583fcfbb8ab"
  integrity sha512-Zk08macMvQTHzQJCLJVkOlviVoqwYMrpXv4lmLN7b7sAbiMoOK7Go0NYdR5UeF+MW8LIbRmwrNy9u/5VvX1U5g==
  dependencies:
    "@aws-sdk/types" "^3.974.6"
    "@smithy/signature-v4" "^5.7.3"
    "@smithy/types" "^4.19.0"
    tslib "^2.6.2"

"@aws-sdk/token-providers@3.1138.0":
  version "3.1138.0"
  resolved "https://registry.yarnpkg.com/@aws-sdk/token-providers/-/token-providers-3.1138.0.tgz#bf7042681ed21c64a0c4f1bc0e8f18f9be59af2c"
  integrity sha512-GpyAr0DD63YOEmYFM6Df+gJuIgC92MMTiBK4FTKfxii5MJ9ge20epR7LyroulscYlG89J+ZB2ivFDPjvfQhzdw==
  dependencies:
    "@aws-sdk/core" "^3.978.1"
    "@aws-sdk/nested-clients" "^3.997.46"
    "@aws-sdk/types" "^3.974.6"
    "@smithy/core" "^3.35.0"
    "@smithy/types" "^4.19.0"
    tslib "^2.6.2"

"@aws-sdk/types@^3.974.6":
  version "3.974.6"
  resolved "https://registry.yarnpkg.com/@aws-sdk/types/-/types-3.974.6.tgz#e388d89a012ce70e60fef26174562f99285b1e95"
  integrity sha512-v/clNZzZnDxGyvpHMOGpJKVXFAExJzUNAAjaWGdcx8QAcXLGwTaOkw33p5SHAi0YAioK32xB3hWwOekRVfmfKg==
  dependencies:
    "@smithy/types" "^4.19.0"
    tslib "^2.6.2"

"@aws-sdk/util-dynamodb@^3.996.9":
  version "3.996.9"
  resolved "https://registry.yarnpkg.com/@aws-sdk/util-dynamodb/-/util-dynamodb-3.996.9.tgz#493c00ffec4280450492966867197bbd26d50b83"
  integrity sha512-16x2tRvl7OYpZ0W/DdFJieFriD13+RvuRBDbe5sj/tCEfK86HSGd7I2s5j0ivz8p6KWGkS+5wKRO9OliJkjUOQ==
  dependencies:
    tslib "^2.6.2"

"@aws-sdk/xml-builder@^3.972.41":
  version "3.972.41"
  resolved "https://registry.yarnpkg.com/@aws-sdk/xml-builder/-/xml-builder-3.972.41.tgz#d3154d8893c3a85f58ce629b70a17ce70e0a1137"
  integrity sha512-ctjVSyCMegrWfXlx6VqzSBFI6UqmQ5ZlnfMhdLIiWmhoH8UAQxSCP5N3OpG7X3k4LnS7ou74C4mt20+bfTW2aQ==
  dependencies:
    "@smithy/types" "^4.19.0"
    tslib "^2.6.2"

"@aws/lambda-invoke-store@^0.3.0":
  version "0.3.0"
  resolved "https://registry.yarnpkg.com/@aws/lambda-invoke-store/-/lambda-invoke-store-0.3.0.tgz#708802d987f8e17bdf4af4de1031660ce1cdd65f"
  integrity sha512-sl4Bm6yiMNYrZKkqqDFWN0UfnWhlS8ivKxrYl+6t0gCLrqr8y3B2IqZZbFRkfaVVp7C/baApyh71P+LeE1A2sQ==

"@smithy/core@^3.33.2", "@smithy/core@^3.33.3", "@smithy/core@^3.35.0":
  version "3.35.0"
  resolved "https://registry.yarnpkg.com/@smithy/core/-/core-3.35.0.tgz#52f180a314d735af8ba8970967c4c9499fc21d3e"
  integrity sha512-zRMhfkByhT2snNdr1si24vJitU6Cr9ix2MikUfWmkAgp4jrNP0GcKSP5YvwQ+TlI8AZXER5QOGJn3JsVtSD9/A==
  dependencies:
    "@smithy/types" "^4.19.0"
    tslib "^2.6.2"

"@smithy/credential-provider-imds@^4.5.2":
  version "4.5.2"
  resolved "https://registry.yarnpkg.com/@smithy/credential-provider-imds/-/credential-provider-imds-4.5.2.tgz#da3ea9636b5566b36b0761382d841a6d8fdde14f"
  integrity sha512-A9uSdn72ozbRUSit0eib0TW7nXuNPlaeM0zcGkJ+nE6tFcSDbnmtwoxbTCFBukVQcszDAyvsd7+rTduPTXpygg==
  dependencies:
    "@smithy/core" "^3.33.2"
    "@smithy/types" "^4.17.2"
    tslib "^2.6.2"

"@smithy/fetch-http-handler@^5.8.0":
  version "5.8.0"
  resolved "https://registry.yarnpkg.com/@smithy/fetch-http-handler/-/fetch-http-handler-5.8.0.tgz#349464e31682d739a74efa42362756be49eb2883"
  integrity sha512-ycSJu3tFAQ4v04CBB0agqFMVsSQ1iG3yw+SpgxRqKfaURpQD4CZ8Wn0zPMmSnOuTpTh65Vz+EA0rMrw089wvkA==
  dependencies:
    "@smithy/core" "^3.33.3"
    "@smithy/types" "^4.18.0"
    tslib "^2.6.2"

"@smithy/node-http-handler@^4.12.1":
  version "4.12.1"
  resolved "https://registry.yarnpkg.com/@smithy/node-http-handler/-/node-http-handler-4.12.1.tgz#e4da9379d228517ba85845081e4e6758ca315c5d"
  integrity sha512-ThMkboGeONWXAelq9FvGsuJC4rOi+qyC4/zhUF58xYpxUg5sQKx2VXZYJmtNjr4dSuBJ1HeJXETQILCz3wOHvw==
  dependencies:
    "@smithy/core" "^3.33.3"
    "@smithy/types" "^4.18.0"
    tslib "^2.6.2"

"@smithy/signature-v4@^5.7.3":
  version "5.7.4"
  resolved "https://registry.yarnpkg.com/@smithy/signature-v4/-/signature-v4-5.7.4.tgz#f188be5238ddb5c5b3117f6fb75d36a38f8b033f"
  integrity sha512-tHy0K0VtqNd5Y7Y41h0a0Lhh0L1GzC08dTWg0F7vRJWFtTENg7IZikf3wQkanYIRdb7ngoIPMTmqgUi401fEeQ==
  dependencies:
    "@smithy/core" "^3.35.0"
    "@smithy/types" "^4.19.0"
    tslib "^2.6.2"

"@smithy/types@^4.17.2", "@smithy/types@^4.18.0", "@smithy/types@^4.19.0":
  version "4.19.0"
  resolved "https://registry.yarnpkg.com/@smithy/types/-/types-4.19.0.tgz#a0dd9c9d7b2a070fc7c3d69efedea8404b3646be"
  integrity sha512-r7jh49VJxGerfAcTQA6gXcKc+98zOp/tqRwzYjgOE+iSQsP6cEU1hq2QzbuipmP68QtYdY9wKEhiCQZIzHgZ4Q==
  dependencies:
    tslib "^2.6.2"

"@smithy/util-waiter@^4.6.2":
  version "4.6.2"
  resolved "https://registry.yarnpkg.com/@smithy/util-waiter/-/util-waiter-4.6.2.tgz#c88d3b8cceb44e7769a48b1c2161a3fd998b4dde"
  integrity sha512-TNNK01i1HiSAR6hBF94J7q338JgEaHPrP8QKRSeQBsbSbw5O4+YGdZYitmsTeEWvHGX+2R/oQ7BzxyAjeZxuWg==
  dependencies:
    "@smithy/core" "^3.33.2"
    tslib "^2.6.2"

"@types/json-diff@^0.9.0":
  version "0.9.0"
  resolved "https://registry.yarnpkg.com/@types/json-diff/-/json-diff-0.9.0.tgz#29067a3a4ac0155c52a0f09c6bbd95d55b3a1bd5"
  integrity sha512-JDmF3WIoa9LFK0vmTYoHhCNa09X77NWZNI2/nRbgCGasoTneH/mUR7lbBtsYXNKYznEPR76rLjNVG8TY9IcvFQ==

"@types/uuid@^8.3.4":
  version "8.3.4"
  resolved "https://registry.yarnpkg.com/@types/uuid/-/uuid-8.3.4.tgz#bd86a43617df0594787d38b735f55c805becf1bc"
  integrity sha512-c/I8ZRb51j+pYGAu5CrFMRxqZ2ke4y2grEBO5AUjgSkSk+qT2Ea+OdWElz/OiMf5MNpn2b17kuVBwZLQJXzihw==

ajv@^8.11.0:
  version "8.11.0"
  resolved "https://registry.yarnpkg.com/ajv/-/ajv-8.11.0.tgz#977e91dd96ca669f54a11e23e378e33b884a565f"
  integrity sha512-wGgprdCvMalC0BztXvitD2hC04YffAvtsUn93JbGXYLAtCUO4xd17mCCZQxUOItiBwZvJScWo8NIvQMQ71rdpg==
  dependencies:
    fast-deep-equal "^3.1.1"
    json-schema-traverse "^1.0.0"
    require-from-string "^2.0.2"
    uri-js "^4.2.2"

bowser@^2.11.0:
  version "2.11.0"
  resolved "https://registry.yarnpkg.com/bowser/-/bowser-2.11.0.tgz#5ca3c35757a7aa5771500c70a73a9f91ef420a8f"
  integrity sha512-AlcaJBi/pqqJBIQ8U9Mcpc9i8Aqxn88Skv5d+xBX006BY5u8N3mGLHa5Lgppa7L/HfwgwLgZ6NYs+Ag6uUmJRA==

cli-color@^2.0.0:
  version "2.0.1"
  resolved "https://registry.yarnpkg.com/cli-color/-/cli-color-2.0.1.tgz#93e3491308691f1e46beb78b63d0fb2585e42ba6"
  integrity sha512-eBbxZF6fqPUNnf7CLAFOersUnyYzv83tHFLSlts+OAHsNendaqv2tHCq+/MO+b3Y+9JeoUlIvobyxG/Z8GNeOg==
  dependencies:
    d "^1.0.1"
    es5-ext "^0.10.53"
    es6-iterator "^2.0.3"
    memoizee "^0.4.15"
    timers-ext "^0.1.7"

d@1, d@^1.0.1:
  version "1.0.1"
  resolved "https://registry.yarnpkg.com/d/-/d-1.0.1.tgz#8698095372d58dbee346ffd0c7093f99f8f9eb5a"
  integrity sha512-m62ShEObQ39CfralilEQRjH6oAMtNCV1xJyEx5LpRYUVN+EviphDgUc/F3hnYbADmkiNs67Y+3ylmlG7Lnu+FA==
  dependencies:
    es5-ext "^0.10.50"
    type "^1.0.1"

d@^1.0.2:
  version "1.0.2"
  resolved "https://registry.yarnpkg.com/d/-/d-1.0.2.tgz#2aefd554b81981e7dccf72d6842ae725cb17e5de"
  integrity sha512-MOqHvMWF9/9MX6nza0KgvFH4HpMU0EF5uUDXqX/BtxtU8NfB0QzRtJ8Oe/6SuS4kbhyzVJwjd97EA4PKrzJ8bw==
  dependencies:
    es5-ext "^0.10.64"
    type "^2.7.2"

difflib@~0.2.1:
  version "0.2.4"
  resolved "https://registry.yarnpkg.com/difflib/-/difflib-0.2.4.tgz#b5e30361a6db023176d562892db85940a718f47e"
  integrity sha1-teMDYabbAjF21WKJLbhZQKcY9H4=
  dependencies:
    heap ">= 0.2.0"

dreamopt@~0.8.0:
  version "0.8.0"
  resolved "https://registry.yarnpkg.com/dreamopt/-/dreamopt-0.8.0.tgz#5bcc80be7097e45fc489c342405ab68140a8c1d9"
  integrity sha1-W8yAvnCX5F/EicNCQFq2gUCowdk=
  dependencies:
    wordwrap ">=0.0.2"

es5-ext@^0.10.35, es5-ext@^0.10.46, es5-ext@^0.10.50, es5-ext@^0.10.53, es5-ext@^0.10.62, es5-ext@^0.10.64, es5-ext@~0.10.14, es5-ext@~0.10.2, es5-ext@~0.10.46:
  version "0.10.64"
  resolved "https://registry.yarnpkg.com/es5-ext/-/es5-ext-0.10.64.tgz#12e4ffb48f1ba2ea777f1fcdd1918ef73ea21714"
  integrity sha512-p2snDhiLaXe6dahss1LddxqEm+SkuDvV8dnIQG0MWjyHpcMNfXKPE+/Cc0y+PhxJX3A4xGNeFCj5oc0BUh6deg==
  dependencies:
    es6-iterator "^2.0.3"
    es6-symbol "^3.1.3"
    esniff "^2.0.1"
    next-tick "^1.1.0"

es6-iterator@^2.0.3:
  version "2.0.3"
  resolved "https://registry.yarnpkg.com/es6-iterator/-/es6-iterator-2.0.3.tgz#a7de889141a05a94b0854403b2d0a0fbfa98f3b7"
  integrity sha1-p96IkUGgWpSwhUQDstCg+/qY87c=
  dependencies:
    d "1"
    es5-ext "^0.10.35"
    es6-symbol "^3.1.1"

es6-symbol@^3.1.1:
  version "3.1.3"
  resolved "https://registry.yarnpkg.com/es6-symbol/-/es6-symbol-3.1.3.tgz#bad5d3c1bcdac28269f4cb331e431c78ac705d18"
  integrity sha512-NJ6Yn3FuDinBaBRWl/q5X/s4koRHBrgKAu+yGI6JCBeiu3qrcbJhwT2GeR/EXVfylRk8dpQVJoLEFhK+Mu31NA==
  dependencies:
    d "^1.0.1"
    ext "^1.1.2"

es6-symbol@^3.1.3:
  version "3.1.4"
  resolved "https://registry.yarnpkg.com/es6-symbol/-/es6-symbol-3.1.4.tgz#f4e7d28013770b4208ecbf3e0bf14d3bcb557b8c"
  integrity sha512-U9bFFjX8tFiATgtkJ1zg25+KviIXpgRvRHS8sau3GfhVzThRQrOeksPeT0BWW2MNZs1OEWJ1DPXOQMn0KKRkvg==
  dependencies:
    d "^1.0.2"
    ext "^1.7.0"

es6-weak-map@^2.0.3:
  version "2.0.3"
  resolved "https://registry.yarnpkg.com/es6-weak-map/-/es6-weak-map-2.0.3.tgz#b6da1f16cc2cc0d9be43e6bdbfc5e7dfcdf31d53"
  integrity sha512-p5um32HOTO1kP+w7PRnB+5lQ43Z6muuMuIMffvDN8ZB4GcnjLBV6zGStpbASIMk4DCAvEaamhe2zhyCb/QXXsA==
  dependencies:
    d "1"
    es5-ext "^0.10.46"
    es6-iterator "^2.0.3"
    es6-symbol "^3.1.1"

esniff@^2.0.1:
  version "2.0.1"
  resolved "https://registry.yarnpkg.com/esniff/-/esniff-2.0.1.tgz#a4d4b43a5c71c7ec51c51098c1d8a29081f9b308"
  integrity sha512-kTUIGKQ/mDPFoJ0oVfcmyJn4iBDRptjNVIzwIFR7tqWXdVI9xfA2RMwY/gbSpJG3lkdWNEjLap/NqVHZiJsdfg==
  dependencies:
    d "^1.0.1"
    es5-ext "^0.10.62"
    event-emitter "^0.3.5"
    type "^2.7.2"

event-emitter@^0.3.5:
  version "0.3.5"
  resolved "https://registry.yarnpkg.com/event-emitter/-/event-emitter-0.3.5.tgz#df8c69eef1647923c7157b9ce83840610b02cc39"
  integrity sha1-34xp7vFkeSPHFXuc6DhAYQsCzDk=
  dependencies:
    d "1"
    es5-ext "~0.10.14"

ext@^1.1.2:
  version "1.6.0"
  resolved "https://registry.yarnpkg.com/ext/-/ext-1.6.0.tgz#3871d50641e874cc172e2b53f919842d19db4c52"
  integrity sha512-sdBImtzkq2HpkdRLtlLWDa6w4DX22ijZLKx8BMPUuKe1c5lbN6xwQDQCxSfxBQnHZ13ls/FH0MQZx/q/gr6FQg==
  dependencies:
    type "^2.5.0"

ext@^1.7.0:
  version "1.7.0"
  resolved "https://registry.yarnpkg.com/ext/-/ext-1.7.0.tgz#0ea4383c0103d60e70be99e9a7f11027a33c4f5f"
  integrity sha512-6hxeJYaL110a9b5TEJSj0gojyHQAmA2ch5Os+ySCiA1QGdS697XWY1pzsrSjqA9LDEEgdB/KypIlR59RcLuHYw==
  dependencies:
    type "^2.7.2"

fast-deep-equal@^3.1.1:
  version "3.1.3"
  resolved "https://registry.yarnpkg.com/fast-deep-equal/-/fast-deep-equal-3.1.3.tgz#3a7d56b559d6cbc3eb512325244e619a65c6c525"
  integrity sha512-f3qQ9oQy9j2AhBe/H9VC91wLmKBCCU/gDOnKNAYG5hswO7BLKj09Hc5HYNz9cGI++xlpDCIgDaitVs03ATR84Q==

"heap@>= 0.2.0":
  version "0.2.7"
  resolved "https://registry.yarnpkg.com/heap/-/heap-0.2.7.tgz#1e6adf711d3f27ce35a81fe3b7bd576c2260a8fc"
  integrity sha512-2bsegYkkHO+h/9MGbn6KWcE45cHZgPANo5LXF7EvWdT0yT2EguSVO1nDgU5c8+ZOPwp2vMNa7YFsJhVcDR9Sdg==

is-promise@^2.2.2:
  version "2.2.2"
  resolved "https://registry.yarnpkg.com/is-promise/-/is-promise-2.2.2.tgz#39ab959ccbf9a774cf079f7b40c7a26f763135f1"
  integrity sha512-+lP4/6lKUBfQjZ2pdxThZvLUAafmZb8OAxFb8XXtiQmS35INgr85hdOGoEs124ez1FCnZJt6jau/T+alh58QFQ==

json-diff@^0.9.0:
  version "0.9.0"
  resolved "https://registry.yarnpkg.com/json-diff/-/json-diff-0.9.0.tgz#e7c536798053cb409113d7403c774849e8a0d7ff"
  integrity sha512-cVnggDrVkAAA3OvFfHpFEhOnmcsUpleEKq4d4O8sQWWSH40MBrWstKigVB1kGrgLWzuom+7rRdaCsnBD6VyObQ==
  dependencies:
    cli-color "^2.0.0"
    difflib "~0.2.1"
    dreamopt "~0.8.0"

json-schema-traverse@^1.0.0:
  version "1.0.0"
  resolved "https://registry.yarnpkg.com/json-schema-traverse/-/json-schema-traverse-1.0.0.tgz#ae7bcb3656ab77a73ba5c49bf654f38e6b6860e2"
  integrity sha512-NM8/P9n3XjXhIZn1lLhkFaACTOURQXjWhV4BA/RnOv8xvgqtqpAX9IO4mRQxSx1Rlo4tqzeqb0sOlruaOy3dug==

lru-queue@^0.1.0:
  version "0.1.0"
  resolved "https://registry.yarnpkg.com/lru-queue/-/lru-queue-0.1.0.tgz#2738bd9f0d3cf4f84490c5736c48699ac632cda3"
  integrity sha1-Jzi9nw089PhEkMVzbEhpmsYyzaM=
  dependencies:
    es5-ext "~0.10.2"

memoizee@^0.4.15:
  version "0.4.15"
  resolved "https://registry.yarnpkg.com/memoizee/-/memoizee-0.4.15.tgz#e6f3d2da863f318d02225391829a6c5956555b72"
  integrity sha512-UBWmJpLZd5STPm7PMUlOw/TSy972M+z8gcyQ5veOnSDRREz/0bmpyTfKt3/51DhEBqCZQn1udM/5flcSPYhkdQ==
  dependencies:
    d "^1.0.1"
    es5-ext "^0.10.53"
    es6-weak-map "^2.0.3"
    event-emitter "^0.3.5"
    is-promise "^2.2.2"
    lru-queue "^0.1.0"
    next-tick "^1.1.0"
    timers-ext "^0.1.7"

mnemonist@0.38.3:
  version "0.38.3"
  resolved "https://registry.yarnpkg.com/mnemonist/-/mnemonist-0.38.3.tgz#35ec79c1c1f4357cfda2fe264659c2775ccd7d9d"
  integrity sha512-2K9QYubXx/NAjv4VLq1d1Ly8pWNC5L3BrixtdkyTegXWJIqY+zLNDhhX/A+ZwWt70tB1S8H4BE8FLYEFyNoOBw==
  dependencies:
    obliterator "^1.6.1"

next-tick@1, next-tick@^1.1.0:
  version "1.1.0"
  resolved "https://registry.yarnpkg.com/next-tick/-/next-tick-1.1.0.tgz#1836ee30ad56d67ef281b22bd199f709449b35eb"
  integrity sha512-CXdUiJembsNjuToQvxayPZF9Vqht7hewsvy2sOWafLvi2awflj9mOC6bHIg50orX8IJvWKY9wYQ/zB2kogPslQ==

obliterator@^1.6.1:
  version "1.6.1"
  resolved "https://registry.yarnpkg.com/obliterator/-/obliterator-1.6.1.tgz#dea03e8ab821f6c4d96a299e17aef6a3af994ef3"
  integrity sha512-9WXswnqINnnhOG/5SLimUlzuU1hFJUc8zkwyD59Sd+dPOMf05PmnYG/d6Q7HZ+KmgkZJa1PxRso6QdM3sTNHig==

punycode@^2.1.0:
  version "2.1.1"
  resolved "https://registry.yarnpkg.com/punycode/-/punycode-2.1.1.tgz#b58b010ac40c22c5657616c8d2c2c02c7bf479ec"
  integrity sha512-XRsRjdf+j5ml+y/6GKHPZbrF/8p2Yga0JPtdqTIY2Xe5ohJPD9saDJJLPvp9+NSBprVvevdXZybnj2cv8OEd0A==

require-from-string@^2.0.2:
  version "2.0.2"
  resolved "https://registry.yarnpkg.com/require-from-string/-/require-from-string-2.0.2.tgz#89a7fdd938261267318eafe14f9c32e598c36909"
  integrity sha512-Xf0nWe6RseziFMu+Ap9biiUbmplq6S9/p+7w7YXP/JBHhrUDDUhwa+vANyubuqfZWTveU//DYVGsDG7RKL/vEw==

timers-ext@^0.1.7:
  version "0.1.7"
  resolved "https://registry.yarnpkg.com/timers-ext/-/timers-ext-0.1.7.tgz#6f57ad8578e07a3fb9f91d9387d65647555e25c6"
  integrity sha512-b85NUNzTSdodShTIbky6ZF02e8STtVVfD+fu4aXXShEELpozH+bCpJLYMPZbsABN2wDH7fJpqIoXxJpzbf0NqQ==
  dependencies:
    es5-ext "~0.10.46"
    next-tick "1"

tslib@^2.6.2:
  version "2.8.1"
  resolved "https://registry.yarnpkg.com/tslib/-/tslib-2.8.1.tgz#612efe4ed235d567e8aba5f2a5fab70280ade83f"
  integrity sha512-oJFu94HQb+KVduSUQL7wnpmqnfmLsOA/nAh6b6EH0wCEoK0/mPeXU6c3wKDV83MkOuHPRHtSXKKU99IBazS/2w==

type@^1.0.1:
  version "1.2.0"
  resolved "https://registry.yarnpkg.com/type/-/type-1.2.0.tgz#848dd7698dafa3e54a6c479e759c4bc3f18847a0"
  integrity sha512-+5nt5AAniqsCnu2cEQQdpzCAh33kVx8n0VoFidKpB1dVVLAN/F+bgVOqOJqOnEnrhp222clB5p3vUlD+1QAnfg==

type@^2.5.0:
  version "2.5.0"
  resolved "https://registry.yarnpkg.com/type/-/type-2.5.0.tgz#0a2e78c2e77907b252abe5f298c1b01c63f0db3d"
  integrity sha512-180WMDQaIMm3+7hGXWf12GtdniDEy7nYcyFMKJn/eZz/6tSLXrUN9V0wKSbMjej0I1WHWbpREDEKHtqPQa9NNw==

type@^2.7.2:
  version "2.7.2"
  resolved "https://registry.yarnpkg.com/type/-/type-2.7.2.tgz#2376a15a3a28b1efa0f5350dcf72d24df6ef98d0"
  integrity sha512-dzlvlNlt6AXU7EBSfpAscydQ7gXB+pPGsPnfJnZpiNJBDj7IaJzQlBZYGdEi4R9HmPdBv2XmWJ6YUtoTa7lmCw==

uri-js@^4.2.2:
  version "4.4.1"
  resolved "https://registry.yarnpkg.com/uri-js/-/uri-js-4.4.1.tgz#9b1a52595225859e55f669d928f88c6c57f2a77e"
  integrity sha512-7rKUyy33Q1yc98pQ1DAmLtwX109F7TIfWlW1Ydo8Wl1ii1SeHieeh0HHfPeL2fMXK6z0s8ecKs9frCuLJvndBg==
  dependencies:
    punycode "^2.1.0"

uuid@^9.0.0:
  version "9.0.0"
  resolved "https://registry.yarnpkg.com/uuid/-/uuid-9.0.0.tgz#592f550650024a38ceb0c562f2f6aa435761efb5"
  integrity sha512-MXcSTerfPa4uqyzStbRoTgt5XIe3x5+42+q1sDuy3R5MDk66URdLMOZe5aPX/SQd+kuYAh0FdP/pO28IkQyTeg==

wordwrap@>=0.0.2:
  version "1.0.0"
  resolved "https://registry.yarnpkg.com/wordwrap/-/wordwrap-1.0.0.tgz#27584810891456a4171c8d0226441ade90cbcaeb"
  integrity sha1-J1hIEIkUVqQXHI0CJkQa3pDLyus=
